// !$*UTF8*$!
{
	archiveVersion = 1;
	classes = {
	};
	objectVersion = 48;
	objects = {

/* Begin PBXBuildFile section */
		E01C5FC119613F37004E0A6B /* AppDelegate.swift in Sources */ = {isa = PBXBuildFile; fileRef = E01C5FC019613F37004E0A6B /* AppDelegate.swift */; };
		E01C5FC619613F37004E0A6B /* Main.storyboard in Resources */ = {isa = PBXBuildFile; fileRef = E01C5FC419613F37004E0A6B /* Main.storyboard */; };
		E01C5FC819613F37004E0A6B /* Images.xcassets in Resources */ = {isa = PBXBuildFile; fileRef = E01C5FC719613F37004E0A6B /* Images.xcassets */; };
		E01C5FD419613F37004E0A6B /* swiftSimpleNewsTests.swift in Sources */ = {isa = PBXBuildFile; fileRef = E01C5FD319613F37004E0A6B /* swiftSimpleNewsTests.swift */; };
		E01C5FDE19613FF5004E0A6B /* RootTableViewController.swift in Sources */ = {isa = PBXBuildFile; fileRef = E01C5FDD19613FF5004E0A6B /* RootTableViewController.swift */; };
		E01C5FE019614083004E0A6B /* WebViewController.swift in Sources */ = {isa = PBXBuildFile; fileRef = E01C5FDF19614083004E0A6B /* WebViewController.swift */; };
		E01C5FE2196140AF004E0A6B /* XHNewsItem.swift in Sources */ = {isa = PBXBuildFile; fileRef = E01C5FE1196140AF004E0A6B /* XHNewsItem.swift */; };
		E074C6E11964347C001B61EE /* iconpng.png in Resources */ = {isa = PBXBuildFile; fileRef = E074C6E01964347C001B61EE /* iconpng.png */; };
		E074C6E31964353F001B61EE /* LoadMoreTableFooterView.swift in Sources */ = {isa = PBXBuildFile; fileRef = E074C6E21964353F001B61EE /* LoadMoreTableFooterView.swift */; };
/* End PBXBuildFile section */

/* Begin PBXContainerItemProxy section */
		E01C5FCE19613F37004E0A6B /* PBXContainerItemProxy */ = {
			isa = PBXContainerItemProxy;
			containerPortal = E01C5FB319613F37004E0A6B /* Project object */;
			proxyType = 1;
			remoteGlobalIDString = E01C5FBA19613F37004E0A6B;
			remoteInfo = swiftSimpleNews;
		};
/* End PBXContainerItemProxy section */

/* Begin PBXFileReference section */
		E01C5FBB19613F37004E0A6B /* swiftSimpleNews.app */ = {isa = PBXFileReference; explicitFileType = wrapper.application; includeInIndex = 0; path = swiftSimpleNews.app; sourceTree = BUILT_PRODUCTS_DIR; };
		E01C5FBF19613F37004E0A6B /* Info.plist */ = {isa = PBXFileReference; lastKnownFileType = text.plist.xml; path = Info.plist; sourceTree = "<group>"; };
		E01C5FC019613F37004E0A6B /* AppDelegate.swift */ = {isa = PBXFileReference; lastKnownFileType = sourcecode.swift; path = AppDelegate.swift; sourceTree = "<group>"; };
		E01C5FC519613F37004E0A6B /* Base */ = {isa = PBXFileReference; lastKnownFileType = file.storyboard; name = Base; path = Base.lproj/Main.storyboard; sourceTree = "<group>"; };
		E01C5FC719613F37004E0A6B /* Images.xcassets */ = {isa = PBXFileReference; lastKnownFileType = folder.assetcatalog; path = Images.xcassets; sourceTree = "<group>"; };
		E01C5FCD19613F37004E0A6B /* swiftSimpleNewsTests.xctest */ = {isa = PBXFileReference; explicitFileType = wrapper.cfbundle; includeInIndex = 0; path = swiftSimpleNewsTests.xctest; sourceTree = BUILT_PRODUCTS_DIR; };
		E01C5FD219613F37004E0A6B /* Info.plist */ = {isa = PBXFileReference; lastKnownFileType = text.plist.xml; path = Info.plist; sourceTree = "<group>"; };
		E01C5FD319613F37004E0A6B /* swiftSimpleNewsTests.swift */ = {isa = PBXFileReference; lastKnownFileType = sourcecode.swift; path = swiftSimpleNewsTests.swift; sourceTree = "<group>"; };
		E01C5FDD19613FF5004E0A6B /* RootTableViewController.swift */ = {isa = PBXFileReference; fileEncoding = 4; lastKnownFileType = sourcecode.swift; path = RootTableViewController.swift; sourceTree = "<group>"; };
		E01C5FDF19614083004E0A6B /* WebViewController.swift */ = {isa = PBXFileReference; fileEncoding = 4; lastKnownFileType = sourcecode.swift; path = WebViewController.swift; sourceTree = "<group>"; };
		E01C5FE1196140AF004E0A6B /* XHNewsItem.swift */ = {isa = PBXFileReference; fileEncoding = 4; lastKnownFileType = sourcecode.swift; path = XHNewsItem.swift; sourceTree = "<group>"; };
		E074C6E01964347C001B61EE /* iconpng.png */ = {isa = PBXFileReference; lastKnownFileType = image.png; path = iconpng.png; sourceTree = "<group>"; };
		E074C6E21964353F001B61EE /* LoadMoreTableFooterView.swift */ = {isa = PBXFileReference; fileEncoding = 4; lastKnownFileType = sourcecode.swift; path = LoadMoreTableFooterView.swift; sourceTree = "<group>"; };
/* End PBXFileReference section */

/* Begin PBXFrameworksBuildPhase section */
		E01C5FB819613F37004E0A6B /* Frameworks */ = {
			isa = PBXFrameworksBuildPhase;
			buildActionMask = 2147483647;
			files = (
			);
			runOnlyForDeploymentPostprocessing = 0;
		};
		E01C5FCA19613F37004E0A6B /* Frameworks */ = {
			isa = PBXFrameworksBuildPhase;
			buildActionMask = 2147483647;
			files = (
			);
			runOnlyForDeploymentPostprocessing = 0;
		};
/* End PBXFrameworksBuildPhase section */

/* Begin PBXGroup section */
		E01C5FB219613F37004E0A6B = {
			isa = PBXGroup;
			children = (
				E01C5FBD19613F37004E0A6B /* swiftSimpleNews */,
				E01C5FD019613F37004E0A6B /* swiftSimpleNewsTests */,
				E01C5FBC19613F37004E0A6B /* Products */,
			);
			sourceTree = "<group>";
		};
		E01C5FBC19613F37004E0A6B /* Products */ = {
			isa = PBXGroup;
			children = (
				E01C5FBB19613F37004E0A6B /* swiftSimpleNews.app */,
				E01C5FCD19613F37004E0A6B /* swiftSimpleNewsTests.xctest */,
			);
			name = Products;
			sourceTree = "<group>";
		};
		E01C5FBD19613F37004E0A6B /* swiftSimpleNews */ = {
			isa = PBXGroup;
			children = (
				E074C6E01964347C001B61EE /* iconpng.png */,
				E01C5FC019613F37004E0A6B /* AppDelegate.swift */,
				E01C5FDD19613FF5004E0A6B /* RootTableViewController.swift */,
				E074C6E21964353F001B61EE /* LoadMoreTableFooterView.swift */,
				E01C5FE1196140AF004E0A6B /* XHNewsItem.swift */,
				E01C5FC419613F37004E0A6B /* Main.storyboard */,
				E01C5FC719613F37004E0A6B /* Images.xcassets */,
				E01C5FBE19613F37004E0A6B /* Supporting Files */,
				E01C5FDF19614083004E0A6B /* WebViewController.swift */,
			);
			path = swiftSimpleNews;
			sourceTree = "<group>";
		};
		E01C5FBE19613F37004E0A6B /* Supporting Files */ = {
			isa = PBXGroup;
			children = (
				E01C5FBF19613F37004E0A6B /* Info.plist */,
			);
			name = "Supporting Files";
			sourceTree = "<group>";
		};
		E01C5FD019613F37004E0A6B /* swiftSimpleNewsTests */ = {
			isa = PBXGroup;
			children = (
				E01C5FD319613F37004E0A6B /* swiftSimpleNewsTests.swift */,
				E01C5FD119613F37004E0A6B /* Supporting Files */,
			);
			path = swiftSimpleNewsTests;
			sourceTree = "<group>";
		};
		E01C5FD119613F37004E0A6B /* Supporting Files */ = {
			isa = PBXGroup;
			children = (
				E01C5FD219613F37004E0A6B /* Info.plist */,
			);
			name = "Supporting Files";
			sourceTree = "<group>";
		};
/* End PBXGroup section */

/* Begin PBXNativeTarget section */
		E01C5FBA19613F37004E0A6B /* swiftSimpleNews */ = {
			isa = PBXNativeTarget;
			buildConfigurationList = E01C5FD719613F37004E0A6B /* Build configuration list for PBXNativeTarget "swiftSimpleNews" */;
			buildPhases = (
				E01C5FB719613F37004E0A6B /* Sources */,
				E01C5FB819613F37004E0A6B /* Frameworks */,
				E01C5FB919613F37004E0A6B /* Resources */,
			);
			buildRules = (
			);
			dependencies = (
			);
			name = swiftSimpleNews;
			productName = swiftSimpleNews;
			productReference = E01C5FBB19613F37004E0A6B /* swiftSimpleNews.app */;
			productType = "com.apple.product-type.application";
		};
		E01C5FCC19613F37004E0A6B /* swiftSimpleNewsTests */ = {
			isa = PBXNativeTarget;
			buildConfigurationList = E01C5FDA19613F37004E0A6B /* Build configuration list for PBXNativeTarget "swiftSimpleNewsTests" */;
			buildPhases = (
				E01C5FC919613F37004E0A6B /* Sources */,
				E01C5FCA19613F37004E0A6B /* Frameworks */,
				E01C5FCB19613F37004E0A6B /* Resources */,
			);
			buildRules = (
			);
			dependencies = (
				E01C5FCF19613F37004E0A6B /* PBXTargetDependency */,
			);
			name = swiftSimpleNewsTests;
			productName = swiftSimpleNewsTests;
			productReference = E01C5FCD19613F37004E0A6B /* swiftSimpleNewsTests.xctest */;
			productType = "com.apple.product-type.bundle.unit-test";
		};
/* End PBXNativeTarget section */

/* Begin PBXProject section */
		E01C5FB319613F37004E0A6B /* Project object */ = {
			isa = PBXProject;
			attributes = {
				LastUpgradeCheck = 0920;
				ORGANIZATIONNAME = Chi;
				TargetAttributes = {
					E01C5FBA19613F37004E0A6B = {
						CreatedOnToolsVersion = 6.0;
					};
					E01C5FCC19613F37004E0A6B = {
						CreatedOnToolsVersion = 6.0;
						TestTargetID = E01C5FBA19613F37004E0A6B;
					};
				};
			};
			buildConfigurationList = E01C5FB619613F37004E0A6B /* Build configuration list for PBXProject "swiftSimpleNews" */;
			compatibilityVersion = "Xcode 8.0";
			developmentRegion = English;
			hasScannedForEncodings = 0;
			knownRegions = (
				en,
				Base,
			);
			mainGroup = E01C5FB219613F37004E0A6B;
			productRefGroup = E01C5FBC19613F37004E0A6B /* Products */;
			projectDirPath = "";
			projectRoot = "";
			targets = (
				E01C5FBA19613F37004E0A6B /* swiftSimpleNews */,
				E01C5FCC19613F37004E0A6B /* swiftSimpleNewsTests */,
			);
		};
/* End PBXProject section */

/* Begin PBXResourcesBuildPhase section */
		E01C5FB919613F37004E0A6B /* Resources */ = {
			isa = PBXResourcesBuildPhase;
			buildActionMask = 2147483647;
			files = (
				E074C6E11964347C001B61EE /* iconpng.png in Resources */,
				E01C5FC619613F37004E0A6B /* Main.storyboard in Resources */,
				E01C5FC819613F37004E0A6B /* Images.xcassets in Resources */,
			);
			runOnlyForDeploymentPostprocessing = 0;
		};
		E01C5FCB19613F37004E0A6B /* Resources */ = {
			isa = PBXResourcesBuildPhase;
			buildActionMask = 2147483647;
			files = (
			);
			runOnlyForDeploymentPostprocessing = 0;
		};
/* End PBXResourcesBuildPhase section */

/* Begin PBXSourcesBuildPhase section */
		E01C5FB719613F37004E0A6B /* Sources */ = {
			isa = PBXSourcesBuildPhase;
			buildActionMask = 2147483647;
			files = (
				E01C5FDE19613FF5004E0A6B /* RootTableViewController.swift in Sources */,
				E074C6E31964353F001B61EE /* LoadMoreTableFooterView.swift in Sources */,
				E01C5FE019614083004E0A6B /* WebViewController.swift in Sources */,
				E01C5FC119613F37004E0A6B /* AppDelegate.swift in Sources */,
				E01C5FE2196140AF004E0A6B /* XHNewsItem.swift in Sources */,
			);
			runOnlyForDeploymentPostprocessing = 0;
		};
		E01C5FC919613F37004E0A6B /* Sources */ = {
			isa = PBXSourcesBuildPhase;
			buildActionMask = 2147483647;
			files = (
				E01C5FD419613F37004E0A6B /* swiftSimpleNewsTests.swift in Sources */,
			);
			runOnlyForDeploymentPostprocessing = 0;
		};
/* End PBXSourcesBuildPhase section */

/* Begin PBXTargetDependency section */
		E01C5FCF19613F37004E0A6B /* PBXTargetDependency */ = {
			isa = PBXTargetDependency;
			target = E01C5FBA19613F37004E0A6B /* swiftSimpleNews */;
			targetProxy = E01C5FCE19613F37004E0A6B /* PBXContainerItemProxy */;
		};
/* End PBXTargetDependency section */

/* Begin PBXVariantGroup section */
		E01C5FC419613F37004E0A6B /* Main.storyboard */ = {
			isa = PBXVariantGroup;
			children = (
				E01C5FC519613F37004E0A6B /* Base */,
			);
			name = Main.storyboard;
			sourceTree = "<group>";
		};
/* End PBXVariantGroup section */

/* Begin XCBuildConfiguration section */
		E01C5FD519613F37004E0A6B /* Debug */ = {
			isa = XCBuildConfiguration;
			buildSettings = {
				ALWAYS_SEARCH_USER_PATHS = NO;
				CLANG_CXX_LANGUAGE_STANDARD = "gnu++0x";
				CLANG_CXX_LIBRARY = "libc++";
				CLANG_ENABLE_MODULES = YES;
				CLANG_ENABLE_OBJC_ARC = YES;
				CLANG_WARN_BLOCK_CAPTURE_AUTORELEASING = YES;
				CLANG_WARN_BOOL_CONVERSION = YES;
				CLANG_WARN_COMMA = YES;
				CLANG_WARN_CONSTANT_CONVERSION = YES;
				CLANG_WARN_DIRECT_OBJC_ISA_USAGE = YES_ERROR;
				CLANG_WARN_EMPTY_BODY = YES;
				CLANG_WARN_ENUM_CONVERSION = YES;
				CLANG_WARN_INFINITE_RECURSION = YES;
				CLANG_WARN_INT_CONVERSION = YES;
				CLANG_WARN_NON_LITERAL_NULL_CONVERSION = YES;
				CLANG_WARN_OBJC_LITERAL_CONVERSION = YES;
				CLANG_WARN_OBJC_ROOT_CLASS = YES_ERROR;
				CLANG_WARN_RANGE_LOOP_ANALYSIS = YES;
				CLANG_WARN_STRICT_PROTOTYPES = YES;
				CLANG_WARN_SUSPICIOUS_MOVE = YES;
				CLANG_WARN_UNREACHABLE_CODE = YES;
				CLANG_WARN__DUPLICATE_METHOD_MATCH = YES;
				"CODE_SIGN_IDENTITY[sdk=iphoneos*]" = "iPhone Developer";
				COPY_PHASE_STRIP = NO;
				ENABLE_STRICT_OBJC_MSGSEND = YES;
				ENABLE_TESTABILITY = YES;
				GCC_C_LANGUAGE_STANDARD = gnu99;
				GCC_DYNAMIC_NO_PIC = NO;
				GCC_NO_COMMON_BLOCKS = YES;
				GCC_OPTIMIZATION_LEVEL = 0;
				GCC_PREPROCESSOR_DEFINITIONS = (
					"DEBUG=1",
					"$(inherited)",
				);
				GCC_SYMBOLS_PRIVATE_EXTERN = NO;
				GCC_WARN_64_TO_32_BIT_CONVERSION = YES;
				GCC_WARN_ABOUT_RETURN_TYPE = YES_ERROR;
				GCC_WARN_UNDECLARED_SELECTOR = YES;
				GCC_WARN_UNINITIALIZED_AUTOS = YES_AGGRESSIVE;
				GCC_WARN_UNUSED_FUNCTION = YES;
				GCC_WARN_UNUSED_VARIABLE = YES;
				IPHONEOS_DEPLOYMENT_TARGET = 8.0;
				METAL_ENABLE_DEBUG_INFO = YES;
				ONLY_ACTIVE_ARCH = YES;
				SDKROOT = iphoneos;
				SWIFT_OPTIMIZATION_LEVEL = "-Onone";
			};
			name = Debug;
		};
		E01C5FD619613F37004E0A6B /* Release */ = {
			isa = XCBuildConfiguration;
			buildSettings = {
				ALWAYS_SEARCH_USER_PATHS = NO;
				CLANG_CXX_LANGUAGE_STANDARD = "gnu++0x";
				CLANG_CXX_LIBRARY = "libc++";
				CLANG_ENABLE_MODULES = YES;
				CLANG_ENABLE_OBJC_ARC = YES;
				CLANG_WARN_BLOCK_CAPTURE_AUTORELEASING = YES;
				CLANG_WARN_BOOL_CONVERSION = YES;
				CLANG_WARN_COMMA = YES;
				CLANG_WARN_CONSTANT_CONVERSION = YES;
				CLANG_WARN_DIRECT_OBJC_ISA_USAGE = YES_ERROR;
				CLANG_WARN_EMPTY_BODY = YES;
				CLANG_WARN_ENUM_CONVERSION = YES;
				CLANG_WARN_INFINITE_RECURSION = YES;
				CLANG_WARN_INT_CONVERSION = YES;
				CLANG_WARN_NON_LITERAL_NULL_CONVERSION = YES;
				CLANG_WARN_OBJC_LITERAL_CONVERSION = YES;
				CLANG_WARN_OBJC_ROOT_CLASS = YES_ERROR;
				CLANG_WARN_RANGE_LOOP_ANALYSIS = YES;
				CLANG_WARN_STRICT_PROTOTYPES = YES;
				CLANG_WARN_SUSPICIOUS_MOVE = YES;
				CLANG_WARN_UNREACHABLE_CODE = YES;
				CLANG_WARN__DUPLICATE_METHOD_MATCH = YES;
				"CODE_SIGN_IDENTITY[sdk=iphoneos*]" = "iPhone Developer";
				COPY_PHASE_STRIP = YES;
				ENABLE_NS_ASSERTIONS = NO;
				ENABLE_STRICT_OBJC_MSGSEND = YES;
				GCC_C_LANGUAGE_STANDARD = gnu99;
				GCC_NO_COMMON_BLOCKS = YES;
				GCC_WARN_64_TO_32_BIT_CONVERSION = YES;
				GCC_WARN_ABOUT_RETURN_TYPE = YES_ERROR;
				GCC_WARN_UNDECLARED_SELECTOR = YES;
				GCC_WARN_UNINITIALIZED_AUTOS = YES_AGGRESSIVE;
				GCC_WARN_UNUSED_FUNCTION = YES;
				GCC_WARN_UNUSED_VARIABLE = YES;
				IPHONEOS_DEPLOYMENT_TARGET = 8.0;
				METAL_ENABLE_DEBUG_INFO = NO;
				SDKROOT = iphoneos;
				SWIFT_OPTIMIZATION_LEVEL = "-Owholemodule";
				VALIDATE_PRODUCT = YES;
			};
			name = Release;
		};
		E01C5FD819613F37004E0A6B /* Debug */ = {
			isa = XCBuildConfiguration;
			buildSettings = {
				ASSETCATALOG_COMPILER_APPICON_NAME = AppIcon;
				ASSETCATALOG_COMPILER_LAUNCHIMAGE_NAME = LaunchImage;
				DEVELOPMENT_TEAM = PP25J2B66V;
				INFOPLIST_FILE = swiftSimpleNews/Info.plist;
				IPHONEOS_DEPLOYMENT_TARGET = 8.0;
				LD_RUNPATH_SEARCH_PATHS = "$(inherited) @executable_path/Frameworks";
				PRODUCT_BUNDLE_IDENTIFIER = "com.test.chi.${PRODUCT_NAME:rfc1034identifier}";
				PRODUCT_NAME = "$(TARGET_NAME)";
				SWIFT_VERSION = 4.0;
			};
			name = Debug;
		};
		E01C5FD919613F37004E0A6B /* Release */ = {
			isa = XCBuildConfiguration;
			buildSettings = {
				ASSETCATALOG_COMPILER_APPICON_NAME = AppIcon;
				ASSETCATALOG_COMPILER_LAUNCHIMAGE_NAME = LaunchImage;
				DEVELOPMENT_TEAM = PP25J2B66V;
				INFOPLIST_FILE = swiftSimpleNews/Info.plist;
				IPHONEOS_DEPLOYMENT_TARGET = 8.0;
				LD_RUNPATH_SEARCH_PATHS = "$(inherited) @executable_path/Frameworks";
				PRODUCT_BUNDLE_IDENTIFIER = "com.test.chi.${PRODUCT_NAME:rfc1034identifier}";
				PRODUCT_NAME = "$(TARGET_NAME)";
				SWIFT_VERSION = 4.0;
			};
			name = Release;
		};
		E01C5FDB19613F37004E0A6B /* Debug */ = {
			isa = XCBuildConfiguration;
			buildSettings = {
				BUNDLE_LOADER = "$(BUILT_PRODUCTS_DIR)/swiftSimpleNews.app/swiftSimpleNews";
				DEVELOPMENT_TEAM = PP25J2B66V;
				FRAMEWORK_SEARCH_PATHS = (
					"$(SDKROOT)/Developer/Library/Frameworks",
					"$(inherited)",
				);
				GCC_PREPROCESSOR_DEFINITIONS = (
					"DEBUG=1",
					"$(inherited)",
				);
				INFOPLIST_FILE = swiftSimpleNewsTests/Info.plist;
				LD_RUNPATH_SEARCH_PATHS = "$(inherited) @executable_path/Frameworks @loader_path/Frameworks";
				METAL_ENABLE_DEBUG_INFO = YES;
				PRODUCT_BUNDLE_IDENTIFIER = "com.test.chi.${PRODUCT_NAME:rfc1034identifier}";
				PRODUCT_NAME = "$(TARGET_NAME)";
				TEST_HOST = "$(BUNDLE_LOADER)";
			};
			name = Debug;
		};
		E01C5FDC19613F37004E0A6B /* Release */ = {
			isa = XCBuildConfiguration;
			buildSettings = {
				BUNDLE_LOADER = "$(BUILT_PRODUCTS_DIR)/swiftSimpleNews.app/swiftSimpleNews";
				DEVELOPMENT_TEAM = PP25J2B66V;
				FRAMEWORK_SEARCH_PATHS = (
					"$(SDKROOT)/Developer/Library/Frameworks",
					"$(inherited)",
				);
				INFOPLIST_FILE = swiftSimpleNewsTests/Info.plist;
				LD_RUNPATH_SEARCH_PATHS = "$(inherited) @executable_path/Frameworks @loader_path/Frameworks";
				METAL_ENABLE_DEBUG_INFO = NO;
				PRODUCT_BUNDLE_IDENTIFIER = "com.test.chi.${PRODUCT_NAME:rfc1034identifier}";
				PRODUCT_NAME = "$(TARGET_NAME)";
				TEST_HOST = "$(BUNDLE_LOADER)";
			};
			name = Release;
		};
/* End XCBuildConfiguration section */

/* Begin XCConfigurationList section */
		E01C5FB619613F37004E0A6B /* Build configuration list for PBXProject "swiftSimpleNews" */ = {
			isa = XCConfigurationList;
			buildConfigurations = (
				E01C5FD519613F37004E0A6B /* Debug */,
				E01C5FD619613F37004E0A6B /* Release */,
			);
			defaultConfigurationIsVisible = 0;
			defaultConfigurationName = Release;
		};
		E01C5FD719613F37004E0A6B /* Build configuration list for PBXNativeTarget "swiftSimpleNews" */ = {
			isa = XCConfigurationList;
			buildConfigurations = (
				E01C5FD819613F37004E0A6B /* Debug */,
				E01C5FD919613F37004E0A6B /* Release */,
			);
			defaultConfigurationIsVisible = 0;
			defaultConfigurationName = Release;
		};
		E01C5FDA19613F37004E0A6B /* Build configuration list for PBXNativeTarget "swiftSimpleNewsTests" */ = {
			isa = XCConfigurationList;
			buildConfigurations = (
				E01C5FDB19613F37004E0A6B /* Debug */,
				E01C5FDC19613F37004E0A6B /* Release */,
			);
			defaultConfigurationIsVisible = 0;
			defaultConfigurationName = Release;
		};
/* End XCConfigurationList section */
	};
	rootObject = E01C5FB319613F37004E0A6B /* Project object */;
}
